<?xml version="1.0" encoding="utf-8"?>
<Project ToolsVersion="4.0" xmlns="http://schemas.microsoft.com/developer/msbuild/2003">
  <ItemGroup>
    <Filter Include="Source Files">
      <UniqueIdentifier>{4FC737F1-C7A5-4376-A066-2A32D752A2FF}</UniqueIdentifier>
      <Extensions>cpp;c;cc;cxx;c++;cppm;ixx;def;odl;idl;hpj;bat;asm;asmx</Extensions>
    </Filter>
    <Filter Include="Header Files">
      <UniqueIdentifier>{93995380-89BD-4b04-88EB-625FBE52EBFB}</UniqueIdentifier>
      <Extensions>h;hh;hpp;hxx;h++;hm;inl;inc;ipp;xsd</Extensions>
    </Filter>
    <Filter Include="Resource Files">
      <UniqueIdentifier>{67DA6AB6-F800-4c08-8B7A-83BB121AAD01}</UniqueIdentifier>
      <Extensions>rc;ico;cur;bmp;dlg;rc2;rct;bin;rgs;gif;jpg;jpeg;jpe;resx;tiff;tif;png;wav;mfcribbon-ms</Extensions>
    </Filter>
    <Filter Include="Common">
      <UniqueIdentifier>{94b757b5-06e2-44bf-9241-35d9c0bd2bab}</UniqueIdentifier>
    </Filter>
  </ItemGroup>
  <ItemGroup>
    <ClInclude Include="..\Common\ScopeGuard.h">
      <Filter>Common</Filter>
    </ClInclude>
    <ClInclude Include="..\Common\Utf8String.h">
      <Filter>Common</Filter>
    </ClInclude>
    <ClInclude Include="..\Common\pcre2cpp.h">
      <Filter>Common</Filter>
    </ClInclude>
    <ClInclude Include="..\tiktoken\include\core_bpe.h">
      <Filter>Header Files</Filter>
    </ClInclude>
    <ClInclude Include="..\tiktoken\include\error_handler.h">
      <Filter>Header Files</Filter>
    </ClInclude>
    <ClInclude Include="..\tiktoken\include\global_define.h">
      <Filter>Header Files</Filter>
    </ClInclude>
    <ClInclude Include="..\tiktoken\include\model.h">
      <Filter>Header Files</Filter>
    </ClInclude>
    <ClInclude Include="..\tiktoken\include\registry.h">
      <Filter>Header Files</Filter>
    </ClInclude>
    <ClInclude Include="..\tiktoken\include\sys_env.h">
      <Filter>Header Files</Filter>
    </ClInclude>
    <ClInclude Include="..\tiktoken\include\tiktoken.h">
      <Filter>Header Files</Filter>
    </ClInclude>
    <ClInclude Include="..\tiktoken\include\token_encoding.h">
      <Filter>Header Files</Filter>
    </ClInclude>
    <ClInclude Include="..\tiktoken\include\utils.h">
      <Filter>Header Files</Filter>
    </ClInclude>
  </ItemGroup>
  <ItemGroup>
    <ClCompile Include="..\Common\Utf8String.cpp">
      <Filter>Common</Filter>
    </ClCompile>
    <ClCompile Include="..\Common\pcre2cpp.cpp">
      <Filter>Common</Filter>
    </ClCompile>
    <ClCompile Include="..\tiktoken\src\core_bpe.cpp">
      <Filter>Source Files</Filter>
    </ClCompile>
    <ClCompile Include="..\tiktoken\src\error_handler.cpp">
      <Filter>Source Files</Filter>
    </ClCompile>
    <ClCompile Include="..\tiktoken\src\model.cpp">
      <Filter>Source Files</Filter>
    </ClCompile>
    <ClCompile Include="..\tiktoken\src\registry.cpp">
      <Filter>Source Files</Filter>
    </ClCompile>
    <ClCompile Include="..\tiktoken\src\sys_env.cpp">
      <Filter>Source Files</Filter>
    </ClCompile>
    <ClCompile Include="..\tiktoken\src\tiktoken.cpp">
      <Filter>Source Files</Filter>
    </ClCompile>
    <ClCompile Include="..\tiktoken\src\token_encoding.cpp">
      <Filter>Source Files</Filter>
    </ClCompile>
    <ClCompile Include="..\tiktoken\src\utils.cpp">
      <Filter>Source Files</Filter>
    </ClCompile>
  </ItemGroup>
</Project>